
Microsoft Visual Studio Solution File, Format Version 12.00
# Visual Studio Version 16
VisualStudioVersion = 16.0.28803.202
MinimumVisualStudioVersion = 10.0.40219.1
Project("{FAE04EC0-301F-11D3-BF4B-00C04F79EFBC}") = "Inks", "Inks\Inks.csproj", "{5EEA7F1F-A45E-4FC5-8D5F-400B1B6D64FD}"
EndProject
Global
	GlobalSection(SolutionConfigurationPlatforms) = preSolution
		Debug|Any CPU = Debug|Any CPU
		Release|Any CPU = Release|Any CPU
	EndGlobalSection
	GlobalSection(ProjectConfigurationPlatforms) = postSolution
		{5EEA7F1F-A45E-4FC5-8D5F-400B1B6D64FD}.Debug|Any CPU.ActiveCfg = Debug|Any CPU
		{5EEA7F1F-A45E-4FC5-8D5F-400B1B6D64FD}.Debug|Any CPU.Build.0 = Debug|Any CPU
		{5EEA7F1F-A45E-4FC5-8D5F-400B1B6D64FD}.Release|Any CPU.ActiveCfg = Release|Any CPU
		{5EEA7F1F-A45E-4FC5-8D5F-400B1B6D64FD}.Release|Any CPU.Build.0 = Release|Any CPU
	EndGlobalSection
	GlobalSection(SolutionProperties) = preSolution
		HideSolutionNode = FALSE
	EndGlobalSection
	GlobalSection(ExtensibilityGlobals) = postSolution
		SolutionGuid = {DFF54BFC-269A-4C42-90EF-A485E8F8FE5F}
	EndGlobalSection
EndGlobal
